// !$*UTF8*$!
{
	archiveVersion = 1;
	classes = {
	};
	objectVersion = 50;
	objects = {

/* Begin PBXBuildFile section */
		DB06D8CD2718C6DA0004FF31 /* AppDelegate.swift in Sources */ = {isa = PBXBuildFile; fileRef = DB06D8CC2718C6DA0004FF31 /* AppDelegate.swift */; };
		DB06D8CF2718C6DA0004FF31 /* SceneDelegate.swift in Sources */ = {isa = PBXBuildFile; fileRef = DB06D8CE2718C6DA0004FF31 /* SceneDelegate.swift */; };
		DB06D8D12718C6DA0004FF31 /* ViewController.swift in Sources */ = {isa = PBXBuildFile; fileRef = DB06D8D02718C6DA0004FF31 /* ViewController.swift */; };
		DB06D8D42718C6DA0004FF31 /* Main.storyboard in Resources */ = {isa = PBXBuildFile; fileRef = DB06D8D22718C6DA0004FF31 /* Main.storyboard */; };
		DB06D8D62718C6DC0004FF31 /* Assets.xcassets in Resources */ = {isa = PBXBuildFile; fileRef = DB06D8D52718C6DC0004FF31 /* Assets.xcassets */; };
		DB06D8D92718C6DC0004FF31 /* LaunchScreen.storyboard in Resources */ = {isa = PBXBuildFile; fileRef = DB06D8D72718C6DC0004FF31 /* LaunchScreen.storyboard */; };
		DB06D8E32718D8EB0004FF31 /* Inceptionv3.mlkitmodel in Sources */ = {isa = PBXBuildFile; fileRef = DB06D8E22718D8EB0004FF31 /* Inceptionv3.mlkitmodel */; };
/* End PBXBuildFile section */

/* Begin PBXFileReference section */
		DB06D8C92718C6DA0004FF31 /* MLPractice.app */ = {isa = PBXFileReference; explicitFileType = wrapper.application; includeInIndex = 0; path = MLPractice.app; sourceTree = BUILT_PRODUCTS_DIR; };
		DB06D8CC2718C6DA0004FF31 /* AppDelegate.swift */ = {isa = PBXFileReference; lastKnownFileType = sourcecode.swift; path = AppDelegate.swift; sourceTree = "<group>"; };
		DB06D8CE2718C6DA0004FF31 /* SceneDelegate.swift */ = {isa = PBXFileReference; lastKnownFileType = sourcecode.swift; path = SceneDelegate.swift; sourceTree = "<group>"; };
		DB06D8D02718C6DA0004FF31 /* ViewController.swift */ = {isa = PBXFileReference; lastKnownFileType = sourcecode.swift; path = ViewController.swift; sourceTree = "<group>"; };
		DB06D8D32718C6DA0004FF31 /* Base */ = {isa = PBXFileReference; lastKnownFileType = file.storyboard; name = Base; path = Base.lproj/Main.storyboard; sourceTree = "<group>"; };
		DB06D8D52718C6DC0004FF31 /* Assets.xcassets */ = {isa = PBXFileReference; lastKnownFileType = folder.assetcatalog; path = Assets.xcassets; sourceTree = "<group>"; };
		DB06D8D82718C6DC0004FF31 /* Base */ = {isa = PBXFileReference; lastKnownFileType = file.storyboard; name = Base; path = Base.lproj/LaunchScreen.storyboard; sourceTree = "<group>"; };
		DB06D8DA2718C6DC0004FF31 /* Info.plist */ = {isa = PBXFileReference; lastKnownFileType = text.plist.xml; path = Info.plist; sourceTree = "<group>"; };
		DB06D8E22718D8EB0004FF31 /* Inceptionv3.mlkitmodel */ = {isa = PBXFileReference; lastKnownFileType = file.mlmodel; path = Inceptionv3.mlkitmodel; sourceTree = "<group>"; };
/* End PBXFileReference section */

/* Begin PBXFrameworksBuildPhase section */
		DB06D8C62718C6DA0004FF31 /* Frameworks */ = {
			isa = PBXFrameworksBuildPhase;
			buildActionMask = 2147483647;
			files = (
			);
			runOnlyForDeploymentPostprocessing = 0;
		};
/* End PBXFrameworksBuildPhase section */

/* Begin PBXGroup section */
		DB06D8C02718C6DA0004FF31 = {
			isa = PBXGroup;
			children = (
				DB06D8CB2718C6DA0004FF31 /* MLPractice */,
				DB06D8CA2718C6DA0004FF31 /* Products */,
			);
			sourceTree = "<group>";
		};
		DB06D8CA2718C6DA0004FF31 /* Products */ = {
			isa = PBXGroup;
			children = (
				DB06D8C92718C6DA0004FF31 /* MLPractice.app */,
			);
			name = Products;
			sourceTree = "<group>";
		};
		DB06D8CB2718C6DA0004FF31 /* MLPractice */ = {
			isa = PBXGroup;
			children = (
				DB06D8CC2718C6DA0004FF31 /* AppDelegate.swift */,
				DB06D8CE2718C6DA0004FF31 /* SceneDelegate.swift */,
				DB06D8D02718C6DA0004FF31 /* ViewController.swift */,
				DB06D8D22718C6DA0004FF31 /* Main.storyboard */,
				DB06D8D52718C6DC0004FF31 /* Assets.xcassets */,
				DB06D8D72718C6DC0004FF31 /* LaunchScreen.storyboard */,
				DB06D8DA2718C6DC0004FF31 /* Info.plist */,
				DB06D8E22718D8EB0004FF31 /* Inceptionv3.mlkitmodel */,
			);
			path = MLPractice;
			sourceTree = "<group>";
		};
/* End PBXGroup section */

/* Begin PBXNativeTarget section */
		DB06D8C82718C6DA0004FF31 /* MLPractice */ = {
			isa = PBXNativeTarget;
			buildConfigurationList = DB06D8DD2718C6DC0004FF31 /* Build configuration list for PBXNativeTarget "MLPractice" */;
			buildPhases = (
				DB06D8C52718C6DA0004FF31 /* Sources */,
				DB06D8C62718C6DA0004FF31 /* Frameworks */,
				DB06D8C72718C6DA0004FF31 /* Resources */,
			);
			buildRules = (
			);
			dependencies = (
			);
			name = MLPractice;
			productName = MLPractice;
			productReference = DB06D8C92718C6DA0004FF31 /* MLPractice.app */;
			productType = "com.apple.product-type.application";
		};
/* End PBXNativeTarget section */

/* Begin PBXProject section */
		DB06D8C12718C6DA0004FF31 /* Project object */ = {
			isa = PBXProject;
			attributes = {
				LastSwiftUpdateCheck = 1230;
				LastUpgradeCheck = 1230;
				TargetAttributes = {
					DB06D8C82718C6DA0004FF31 = {
						CreatedOnToolsVersion = 12.3;
					};
				};
			};
			buildConfigurationList = DB06D8C42718C6DA0004FF31 /* Build configuration list for PBXProject "MLPractice" */;
			compatibilityVersion = "Xcode 9.3";
			developmentRegion = en;
			hasScannedForEncodings = 0;
			knownRegions = (
				en,
				Base,
			);
			mainGroup = DB06D8C02718C6DA0004FF31;
			productRefGroup = DB06D8CA2718C6DA0004FF31 /* Products */;
			projectDirPath = "";
			projectRoot = "";
			targets = (
				DB06D8C82718C6DA0004FF31 /* MLPractice */,
			);
		};
/* End PBXProject section */

/* Begin PBXResourcesBuildPhase section */
		DB06D8C72718C6DA0004FF31 /* Resources */ = {
			isa = PBXResourcesBuildPhase;
			buildActionMask = 2147483647;
			files = (
				DB06D8D92718C6DC0004FF31 /* LaunchScreen.storyboard in Resources */,
				DB06D8D62718C6DC0004FF31 /* Assets.xcassets in Resources */,
				DB06D8D42718C6DA0004FF31 /* Main.storyboard in Resources */,
			);
			runOnlyForDeploymentPostprocessing = 0;
		};
/* End PBXResourcesBuildPhase section */

/* Begin PBXSourcesBuildPhase section */
		DB06D8C52718C6DA0004FF31 /* Sources */ = {
			isa = PBXSourcesBuildPhase;
			buildActionMask = 2147483647;
			files = (
				DB06D8E32718D8EB0004FF31 /* Inceptionv3.mlkitmodel in Sources */,
				DB06D8D12718C6DA0004FF31 /* ViewController.swift in Sources */,
				DB06D8CD2718C6DA0004FF31 /* AppDelegate.swift in Sources */,
				DB06D8CF2718C6DA0004FF31 /* SceneDelegate.swift in Sources */,
			);
			runOnlyForDeploymentPostprocessing = 0;
		};
/* End PBXSourcesBuildPhase section */

/* Begin PBXVariantGroup section */
		DB06D8D22718C6DA0004FF31 /* Main.storyboard */ = {
			isa = PBXVariantGroup;
			children = (
				DB06D8D32718C6DA0004FF31 /* Base */,
			);
			name = Main.storyboard;
			sourceTree = "<group>";
		};
		DB06D8D72718C6DC0004FF31 /* LaunchScreen.storyboard */ = {
			isa = PBXVariantGroup;
			children = (
				DB06D8D82718C6DC0004FF31 /* Base */,
			);
			name = LaunchScreen.storyboard;
			sourceTree = "<group>";
		};
/* End PBXVariantGroup section */

/* Begin XCBuildConfiguration section */
		DB06D8DB2718C6DC0004FF31 /* Debug */ = {
			isa = XCBuildConfiguration;
			buildSettings = {
				ALWAYS_SEARCH_USER_PATHS = NO;
				CLANG_ANALYZER_NONNULL = YES;
				CLANG_ANALYZER_NUMBER_OBJECT_CONVERSION = YES_AGGRESSIVE;
				CLANG_CXX_LANGUAGE_STANDARD = "gnu++14";
				CLANG_CXX_LIBRARY = "libc++";
				CLANG_ENABLE_MODULES = YES;
				CLANG_ENABLE_OBJC_ARC = YES;
				CLANG_ENABLE_OBJC_WEAK = YES;
				CLANG_WARN_BLOCK_CAPTURE_AUTORELEASING = YES;
				CLANG_WARN_BOOL_CONVERSION = YES;
				CLANG_WARN_COMMA = YES;
				CLANG_WARN_CONSTANT_CONVERSION = YES;
				CLANG_WARN_DEPRECATED_OBJC_IMPLEMENTATIONS = YES;
				CLANG_WARN_DIRECT_OBJC_ISA_USAGE = YES_ERROR;
				CLANG_WARN_DOCUMENTATION_COMMENTS = YES;
				CLANG_WARN_EMPTY_BODY = YES;
				CLANG_WARN_ENUM_CONVERSION = YES;
				CLANG_WARN_INFINITE_RECURSION = YES;
				CLANG_WARN_INT_CONVERSION = YES;
				CLANG_WARN_NON_LITERAL_NULL_CONVERSION = YES;
				CLANG_WARN_OBJC_IMPLICIT_RETAIN_SELF = YES;
				CLANG_WARN_OBJC_LITERAL_CONVERSION = YES;
				CLANG_WARN_OBJC_ROOT_CLASS = YES_ERROR;
				CLANG_WARN_QUOTED_INCLUDE_IN_FRAMEWORK_HEADER = YES;
				CLANG_WARN_RANGE_LOOP_ANALYSIS = YES;
				CLANG_WARN_STRICT_PROTOTYPES = YES;
				CLANG_WARN_SUSPICIOUS_MOVE = YES;
				CLANG_WARN_UNGUARDED_AVAILABILITY = YES_AGGRESSIVE;
				CLANG_WARN_UNREACHABLE_CODE = YES;
				CLANG_WARN__DUPLICATE_METHOD_MATCH = YES;
				COPY_PHASE_STRIP = NO;
				DEBUG_INFORMATION_FORMAT = dwarf;
				ENABLE_STRICT_OBJC_MSGSEND = YES;
				ENABLE_TESTABILITY = YES;
				GCC_C_LANGUAGE_STANDARD = gnu11;
				GCC_DYNAMIC_NO_PIC = NO;
				GCC_NO_COMMON_BLOCKS = YES;
				GCC_OPTIMIZATION_LEVEL = 0;
				GCC_PREPROCESSOR_DEFINITIONS = (
					"DEBUG=1",
					"$(inherited)",
				);
				GCC_WARN_64_TO_32_BIT_CONVERSION = YES;
				GCC_WARN_ABOUT_RETURN_TYPE = YES_ERROR;
				GCC_WARN_UNDECLARED_SELECTOR = YES;
				GCC_WARN_UNINITIALIZED_AUTOS = YES_AGGRESSIVE;
				GCC_WARN_UNUSED_FUNCTION = YES;
				GCC_WARN_UNUSED_VARIABLE = YES;
				IPHONEOS_DEPLOYMENT_TARGET = 14.3;
				MTL_ENABLE_DEBUG_INFO = INCLUDE_SOURCE;
				MTL_FAST_MATH = YES;
				ONLY_ACTIVE_ARCH = YES;
				SDKROOT = iphoneos;
				SWIFT_ACTIVE_COMPILATION_CONDITIONS = DEBUG;
				SWIFT_OPTIMIZATION_LEVEL = "-Onone";
			};
			name = Debug;
		};
		DB06D8DC2718C6DC0004FF31 /* Release */ = {
			isa = XCBuildConfiguration;
			buildSettings = {
				ALWAYS_SEARCH_USER_PATHS = NO;
				CLANG_ANALYZER_NONNULL = YES;
				CLANG_ANALYZER_NUMBER_OBJECT_CONVERSION = YES_AGGRESSIVE;
				CLANG_CXX_LANGUAGE_STANDARD = "gnu++14";
				CLANG_CXX_LIBRARY = "libc++";
				CLANG_ENABLE_MODULES = YES;
				CLANG_ENABLE_OBJC_ARC = YES;
				CLANG_ENABLE_OBJC_WEAK = YES;
				CLANG_WARN_BLOCK_CAPTURE_AUTORELEASING = YES;
				CLANG_WARN_BOOL_CONVERSION = YES;
				CLANG_WARN_COMMA = YES;
				CLANG_WARN_CONSTANT_CONVERSION = YES;
				CLANG_WARN_DEPRECATED_OBJC_IMPLEMENTATIONS = YES;
				CLANG_WARN_DIRECT_OBJC_ISA_USAGE = YES_ERROR;
				CLANG_WARN_DOCUMENTATION_COMMENTS = YES;
				CLANG_WARN_EMPTY_BODY = YES;
				CLANG_WARN_ENUM_CONVERSION = YES;
				CLANG_WARN_INFINITE_RECURSION = YES;
				CLANG_WARN_INT_CONVERSION = YES;
				CLANG_WARN_NON_LITERAL_NULL_CONVERSION = YES;
				CLANG_WARN_OBJC_IMPLICIT_RETAIN_SELF = YES;
				CLANG_WARN_OBJC_LITERAL_CONVERSION = YES;
				CLANG_WARN_OBJC_ROOT_CLASS = YES_ERROR;
				CLANG_WARN_QUOTED_INCLUDE_IN_FRAMEWORK_HEADER = YES;
				CLANG_WARN_RANGE_LOOP_ANALYSIS = YES;
				CLANG_WARN_STRICT_PROTOTYPES = YES;
				CLANG_WARN_SUSPICIOUS_MOVE = YES;
				CLANG_WARN_UNGUARDED_AVAILABILITY = YES_AGGRESSIVE;
				CLANG_WARN_UNREACHABLE_CODE = YES;
				CLANG_WARN__DUPLICATE_METHOD_MATCH = YES;
				COPY_PHASE_STRIP = NO;
				DEBUG_INFORMATION_FORMAT = "dwarf-with-dsym";
				ENABLE_NS_ASSERTIONS = NO;
				ENABLE_STRICT_OBJC_MSGSEND = YES;
				GCC_C_LANGUAGE_STANDARD = gnu11;
				GCC_NO_COMMON_BLOCKS = YES;
				GCC_WARN_64_TO_32_BIT_CONVERSION = YES;
				GCC_WARN_ABOUT_RETURN_TYPE = YES_ERROR;
				GCC_WARN_UNDECLARED_SELECTOR = YES;
				GCC_WARN_UNINITIALIZED_AUTOS = YES_AGGRESSIVE;
				GCC_WARN_UNUSED_FUNCTION = YES;
				GCC_WARN_UNUSED_VARIABLE = YES;
				IPHONEOS_DEPLOYMENT_TARGET = 14.3;
				MTL_ENABLE_DEBUG_INFO = NO;
				MTL_FAST_MATH = YES;
				SDKROOT = iphoneos;
				SWIFT_COMPILATION_MODE = wholemodule;
				SWIFT_OPTIMIZATION_LEVEL = "-O";
				VALIDATE_PRODUCT = YES;
			};
			name = Release;
		};
		DB06D8DE2718C6DC0004FF31 /* Debug */ = {
			isa = XCBuildConfiguration;
			buildSettings = {
				ASSETCATALOG_COMPILER_APPICON_NAME = AppIcon;
				ASSETCATALOG_COMPILER_GLOBAL_ACCENT_COLOR_NAME = AccentColor;
				CODE_SIGN_STYLE = Automatic;
				DEVELOPMENT_TEAM = 39KK4N9CCU;
				INFOPLIST_FILE = MLPractice/Info.plist;
				LD_RUNPATH_SEARCH_PATHS = (
					"$(inherited)",
					"@executable_path/Frameworks",
				);
				PRODUCT_BUNDLE_IDENTIFIER = JingDong.MLPractice;
				PRODUCT_NAME = "$(TARGET_NAME)";
				SWIFT_VERSION = 5.0;
				TARGETED_DEVICE_FAMILY = "1,2";
			};
			name = Debug;
		};
		DB06D8DF2718C6DC0004FF31 /* Release */ = {
			isa = XCBuildConfiguration;
			buildSettings = {
				ASSETCATALOG_COMPILER_APPICON_NAME = AppIcon;
				ASSETCATALOG_COMPILER_GLOBAL_ACCENT_COLOR_NAME = AccentColor;
				CODE_SIGN_STYLE = Automatic;
				DEVELOPMENT_TEAM = 39KK4N9CCU;
				INFOPLIST_FILE = MLPractice/Info.plist;
				LD_RUNPATH_SEARCH_PATHS = (
					"$(inherited)",
					"@executable_path/Frameworks",
				);
				PRODUCT_BUNDLE_IDENTIFIER = JingDong.MLPractice;
				PRODUCT_NAME = "$(TARGET_NAME)";
				SWIFT_VERSION = 5.0;
				TARGETED_DEVICE_FAMILY = "1,2";
			};
			name = Release;
		};
/* End XCBuildConfiguration section */

/* Begin XCConfigurationList section */
		DB06D8C42718C6DA0004FF31 /* Build configuration list for PBXProject "MLPractice" */ = {
			isa = XCConfigurationList;
			buildConfigurations = (
				DB06D8DB2718C6DC0004FF31 /* Debug */,
				DB06D8DC2718C6DC0004FF31 /* Release */,
			);
			defaultConfigurationIsVisible = 0;
			defaultConfigurationName = Release;
		};
		DB06D8DD2718C6DC0004FF31 /* Build configuration list for PBXNativeTarget "MLPractice" */ = {
			isa = XCConfigurationList;
			buildConfigurations = (
				DB06D8DE2718C6DC0004FF31 /* Debug */,
				DB06D8DF2718C6DC0004FF31 /* Release */,
			);
			defaultConfigurationIsVisible = 0;
			defaultConfigurationName = Release;
		};
/* End XCConfigurationList section */
	};
	rootObject = DB06D8C12718C6DA0004FF31 /* Project object */;
}
